
Microsoft Visual Studio Solution File, Format Version 12.00
# Visual Studio Version 17
VisualStudioVersion = 17.11.35222.181
MinimumVisualStudioVersion = 10.0.40219.1
Project("{FAE04EC0-301F-11D3-BF4B-00C04F79EFBC}") = "A_1016_PBO UTS", "A_1016_PBO UTS\A_1016_PBO UTS.csproj", "{7C6EC0E8-3911-41D5-80D6-B26D091815DE}"
EndProject
Global
	GlobalSection(SolutionConfigurationPlatforms) = preSolution
		Debug|Any CPU = Debug|Any CPU
		Release|Any CPU = Release|Any CPU
	EndGlobalSection
	GlobalSection(ProjectConfigurationPlatforms) = postSolution
		{7C6EC0E8-3911-41D5-80D6-B26D091815DE}.Debug|Any CPU.ActiveCfg = Debug|Any CPU
		{7C6EC0E8-3911-41D5-80D6-B26D091815DE}.Debug|Any CPU.Build.0 = Debug|Any CPU
		{7C6EC0E8-3911-41D5-80D6-B26D091815DE}.Release|Any CPU.ActiveCfg = Release|Any CPU
		{7C6EC0E8-3911-41D5-80D6-B26D091815DE}.Release|Any CPU.Build.0 = Release|Any CPU
	EndGlobalSection
	GlobalSection(SolutionProperties) = preSolution
		HideSolutionNode = FALSE
	EndGlobalSection
	GlobalSection(ExtensibilityGlobals) = postSolution
		SolutionGuid = {19E24BD7-6C32-4005-AE2B-854D84B05E51}
	EndGlobalSection
EndGlobal
